
Microsoft Visual Studio Solution File, Format Version 12.00
# Visual Studio 15
VisualStudioVersion = 15.0.28307.960
MinimumVisualStudioVersion = 10.0.40219.1
Project("{8BC9CEB8-8B4A-11D0-8D11-00A0C91BC942}") = "irbis.2017", "libs\irbis\irbis.2017.vcxproj", "{F4B2C834-192A-47C4-BCF0-4BE0FBC1F5EF}"
EndProject
Project("{8BC9CEB8-8B4A-11D0-8D11-00A0C91BC942}") = "safeTests.2017", "tests\safeTests\safeTests.2017.vcxproj", "{4FB6975E-8215-4FC3-825F-E6CBDF6BD26D}"
EndProject
Project("{8BC9CEB8-8B4A-11D0-8D11-00A0C91BC942}") = "hello.2017", "apps\hello\hello.2017.vcxproj", "{AB2D77D2-4EDB-4004-AD2F-7FA44D4297D6}"
EndProject
Project("{8BC9CEB8-8B4A-11D0-8D11-00A0C91BC942}") = "rqstShrink.2017", "apps\rqstShrink\rqstShrink.2017.vcxproj", "{0D90B985-F1BF-4EB9-A5FD-1638B2A2B479}"
EndProject
Project("{2150E333-8FDC-42A3-9474-1A3956D46DE8}") = "apps", "apps", "{F92E1E0A-A7FB-4FAC-89DD-DF04FDF9DD16}"
EndProject
Project("{2150E333-8FDC-42A3-9474-1A3956D46DE8}") = "libs", "libs", "{74FF791C-1A74-40FF-B5F5-AFDCC170AE0A}"
EndProject
Project("{2150E333-8FDC-42A3-9474-1A3956D46DE8}") = "tests", "tests", "{94CA3D64-3A64-4346-B9F5-8CF77B223622}"
EndProject
Global
	GlobalSection(SolutionConfigurationPlatforms) = preSolution
		Debug|x64 = Debug|x64
		Debug|x86 = Debug|x86
		DebugDll|x64 = DebugDll|x64
		DebugDll|x86 = DebugDll|x86
		DebugXP|x64 = DebugXP|x64
		DebugXP|x86 = DebugXP|x86
		Release|x64 = Release|x64
		Release|x86 = Release|x86
		ReleaseDll|x64 = ReleaseDll|x64
		ReleaseDll|x86 = ReleaseDll|x86
		ReleaseStatic|x64 = ReleaseStatic|x64
		ReleaseStatic|x86 = ReleaseStatic|x86
		ReleaseXP|x64 = ReleaseXP|x64
		ReleaseXP|x86 = ReleaseXP|x86
	EndGlobalSection
	GlobalSection(ProjectConfigurationPlatforms) = postSolution
		{F4B2C834-192A-47C4-BCF0-4BE0FBC1F5EF}.Debug|x64.ActiveCfg = Debug|x64
		{F4B2C834-192A-47C4-BCF0-4BE0FBC1F5EF}.Debug|x64.Build.0 = Debug|x64
		{F4B2C834-192A-47C4-BCF0-4BE0FBC1F5EF}.Debug|x86.ActiveCfg = Debug|Win32
		{F4B2C834-192A-47C4-BCF0-4BE0FBC1F5EF}.Debug|x86.Build.0 = Debug|Win32
		{F4B2C834-192A-47C4-BCF0-4BE0FBC1F5EF}.DebugDll|x64.ActiveCfg = DebugDll|x64
		{F4B2C834-192A-47C4-BCF0-4BE0FBC1F5EF}.DebugDll|x64.Build.0 = DebugDll|x64
		{F4B2C834-192A-47C4-BCF0-4BE0FBC1F5EF}.DebugDll|x86.ActiveCfg = DebugDll|Win32
		{F4B2C834-192A-47C4-BCF0-4BE0FBC1F5EF}.DebugDll|x86.Build.0 = DebugDll|Win32
		{F4B2C834-192A-47C4-BCF0-4BE0FBC1F5EF}.DebugXP|x64.ActiveCfg = DebugXP|x64
		{F4B2C834-192A-47C4-BCF0-4BE0FBC1F5EF}.DebugXP|x64.Build.0 = DebugXP|x64
		{F4B2C834-192A-47C4-BCF0-4BE0FBC1F5EF}.DebugXP|x86.ActiveCfg = DebugXP|Win32
		{F4B2C834-192A-47C4-BCF0-4BE0FBC1F5EF}.DebugXP|x86.Build.0 = DebugXP|Win32
		{F4B2C834-192A-47C4-BCF0-4BE0FBC1F5EF}.Release|x64.ActiveCfg = Release|x64
		{F4B2C834-192A-47C4-BCF0-4BE0FBC1F5EF}.Release|x64.Build.0 = Release|x64
		{F4B2C834-192A-47C4-BCF0-4BE0FBC1F5EF}.Release|x86.ActiveCfg = Release|Win32
		{F4B2C834-192A-47C4-BCF0-4BE0FBC1F5EF}.Release|x86.Build.0 = Release|Win32
		{F4B2C834-192A-47C4-BCF0-4BE0FBC1F5EF}.ReleaseDll|x64.ActiveCfg = ReleaseDll|x64
		{F4B2C834-192A-47C4-BCF0-4BE0FBC1F5EF}.ReleaseDll|x64.Build.0 = ReleaseDll|x64
		{F4B2C834-192A-47C4-BCF0-4BE0FBC1F5EF}.ReleaseDll|x86.ActiveCfg = ReleaseDll|Win32
		{F4B2C834-192A-47C4-BCF0-4BE0FBC1F5EF}.ReleaseDll|x86.Build.0 = ReleaseDll|Win32
		{F4B2C834-192A-47C4-BCF0-4BE0FBC1F5EF}.ReleaseStatic|x64.ActiveCfg = ReleaseStatic|x64
		{F4B2C834-192A-47C4-BCF0-4BE0FBC1F5EF}.ReleaseStatic|x64.Build.0 = ReleaseStatic|x64
		{F4B2C834-192A-47C4-BCF0-4BE0FBC1F5EF}.ReleaseStatic|x86.ActiveCfg = ReleaseStatic|Win32
		{F4B2C834-192A-47C4-BCF0-4BE0FBC1F5EF}.ReleaseStatic|x86.Build.0 = ReleaseStatic|Win32
		{F4B2C834-192A-47C4-BCF0-4BE0FBC1F5EF}.ReleaseXP|x64.ActiveCfg = ReleaseXP|x64
		{F4B2C834-192A-47C4-BCF0-4BE0FBC1F5EF}.ReleaseXP|x64.Build.0 = ReleaseXP|x64
		{F4B2C834-192A-47C4-BCF0-4BE0FBC1F5EF}.ReleaseXP|x86.ActiveCfg = ReleaseXP|Win32
		{F4B2C834-192A-47C4-BCF0-4BE0FBC1F5EF}.ReleaseXP|x86.Build.0 = ReleaseXP|Win32
		{4FB6975E-8215-4FC3-825F-E6CBDF6BD26D}.Debug|x64.ActiveCfg = Debug|x64
		{4FB6975E-8215-4FC3-825F-E6CBDF6BD26D}.Debug|x64.Build.0 = Debug|x64
		{4FB6975E-8215-4FC3-825F-E6CBDF6BD26D}.Debug|x86.ActiveCfg = Debug|Win32
		{4FB6975E-8215-4FC3-825F-E6CBDF6BD26D}.Debug|x86.Build.0 = Debug|Win32
		{4FB6975E-8215-4FC3-825F-E6CBDF6BD26D}.DebugDll|x64.ActiveCfg = DebugDll|x64
		{4FB6975E-8215-4FC3-825F-E6CBDF6BD26D}.DebugDll|x64.Build.0 = DebugDll|x64
		{4FB6975E-8215-4FC3-825F-E6CBDF6BD26D}.DebugDll|x86.ActiveCfg = DebugDll|Win32
		{4FB6975E-8215-4FC3-825F-E6CBDF6BD26D}.DebugDll|x86.Build.0 = DebugDll|Win32
		{4FB6975E-8215-4FC3-825F-E6CBDF6BD26D}.DebugXP|x64.ActiveCfg = DebugXP|x64
		{4FB6975E-8215-4FC3-825F-E6CBDF6BD26D}.DebugXP|x64.Build.0 = DebugXP|x64
		{4FB6975E-8215-4FC3-825F-E6CBDF6BD26D}.DebugXP|x86.ActiveCfg = DebugXP|Win32
		{4FB6975E-8215-4FC3-825F-E6CBDF6BD26D}.DebugXP|x86.Build.0 = DebugXP|Win32
		{4FB6975E-8215-4FC3-825F-E6CBDF6BD26D}.Release|x64.ActiveCfg = Release|x64
		{4FB6975E-8215-4FC3-825F-E6CBDF6BD26D}.Release|x64.Build.0 = Release|x64
		{4FB6975E-8215-4FC3-825F-E6CBDF6BD26D}.Release|x86.ActiveCfg = Release|Win32
		{4FB6975E-8215-4FC3-825F-E6CBDF6BD26D}.Release|x86.Build.0 = Release|Win32
		{4FB6975E-8215-4FC3-825F-E6CBDF6BD26D}.ReleaseDll|x64.ActiveCfg = ReleaseDll|x64
		{4FB6975E-8215-4FC3-825F-E6CBDF6BD26D}.ReleaseDll|x64.Build.0 = ReleaseDll|x64
		{4FB6975E-8215-4FC3-825F-E6CBDF6BD26D}.ReleaseDll|x86.ActiveCfg = ReleaseDll|Win32
		{4FB6975E-8215-4FC3-825F-E6CBDF6BD26D}.ReleaseDll|x86.Build.0 = ReleaseDll|Win32
		{4FB6975E-8215-4FC3-825F-E6CBDF6BD26D}.ReleaseStatic|x64.ActiveCfg = ReleaseStatic|x64
		{4FB6975E-8215-4FC3-825F-E6CBDF6BD26D}.ReleaseStatic|x64.Build.0 = ReleaseStatic|x64
		{4FB6975E-8215-4FC3-825F-E6CBDF6BD26D}.ReleaseStatic|x86.ActiveCfg = ReleaseStatic|Win32
		{4FB6975E-8215-4FC3-825F-E6CBDF6BD26D}.ReleaseStatic|x86.Build.0 = ReleaseStatic|Win32
		{4FB6975E-8215-4FC3-825F-E6CBDF6BD26D}.ReleaseXP|x64.ActiveCfg = ReleaseXP|x64
		{4FB6975E-8215-4FC3-825F-E6CBDF6BD26D}.ReleaseXP|x64.Build.0 = ReleaseXP|x64
		{4FB6975E-8215-4FC3-825F-E6CBDF6BD26D}.ReleaseXP|x86.ActiveCfg = ReleaseXP|Win32
		{4FB6975E-8215-4FC3-825F-E6CBDF6BD26D}.ReleaseXP|x86.Build.0 = ReleaseXP|Win32
		{AB2D77D2-4EDB-4004-AD2F-7FA44D4297D6}.Debug|x64.ActiveCfg = Debug|x64
		{AB2D77D2-4EDB-4004-AD2F-7FA44D4297D6}.Debug|x64.Build.0 = Debug|x64
		{AB2D77D2-4EDB-4004-AD2F-7FA44D4297D6}.Debug|x86.ActiveCfg = Debug|Win32
		{AB2D77D2-4EDB-4004-AD2F-7FA44D4297D6}.Debug|x86.Build.0 = Debug|Win32
		{AB2D77D2-4EDB-4004-AD2F-7FA44D4297D6}.DebugDll|x64.ActiveCfg = DebugDll|x64
		{AB2D77D2-4EDB-4004-AD2F-7FA44D4297D6}.DebugDll|x64.Build.0 = DebugDll|x64
		{AB2D77D2-4EDB-4004-AD2F-7FA44D4297D6}.DebugDll|x86.ActiveCfg = DebugDll|Win32
		{AB2D77D2-4EDB-4004-AD2F-7FA44D4297D6}.DebugDll|x86.Build.0 = DebugDll|Win32
		{AB2D77D2-4EDB-4004-AD2F-7FA44D4297D6}.DebugXP|x64.ActiveCfg = DebugXP|x64
		{AB2D77D2-4EDB-4004-AD2F-7FA44D4297D6}.DebugXP|x64.Build.0 = DebugXP|x64
		{AB2D77D2-4EDB-4004-AD2F-7FA44D4297D6}.DebugXP|x86.ActiveCfg = DebugXP|Win32
		{AB2D77D2-4EDB-4004-AD2F-7FA44D4297D6}.DebugXP|x86.Build.0 = DebugXP|Win32
		{AB2D77D2-4EDB-4004-AD2F-7FA44D4297D6}.Release|x64.ActiveCfg = Release|x64
		{AB2D77D2-4EDB-4004-AD2F-7FA44D4297D6}.Release|x64.Build.0 = Release|x64
		{AB2D77D2-4EDB-4004-AD2F-7FA44D4297D6}.Release|x86.ActiveCfg = Release|Win32
		{AB2D77D2-4EDB-4004-AD2F-7FA44D4297D6}.Release|x86.Build.0 = Release|Win32
		{AB2D77D2-4EDB-4004-AD2F-7FA44D4297D6}.ReleaseDll|x64.ActiveCfg = ReleaseDll|x64
		{AB2D77D2-4EDB-4004-AD2F-7FA44D4297D6}.ReleaseDll|x64.Build.0 = ReleaseDll|x64
		{AB2D77D2-4EDB-4004-AD2F-7FA44D4297D6}.ReleaseDll|x86.ActiveCfg = ReleaseDll|Win32
		{AB2D77D2-4EDB-4004-AD2F-7FA44D4297D6}.ReleaseDll|x86.Build.0 = ReleaseDll|Win32
		{AB2D77D2-4EDB-4004-AD2F-7FA44D4297D6}.ReleaseStatic|x64.ActiveCfg = ReleaseStatic|x64
		{AB2D77D2-4EDB-4004-AD2F-7FA44D4297D6}.ReleaseStatic|x64.Build.0 = ReleaseStatic|x64
		{AB2D77D2-4EDB-4004-AD2F-7FA44D4297D6}.ReleaseStatic|x86.ActiveCfg = ReleaseStatic|Win32
		{AB2D77D2-4EDB-4004-AD2F-7FA44D4297D6}.ReleaseStatic|x86.Build.0 = ReleaseStatic|Win32
		{AB2D77D2-4EDB-4004-AD2F-7FA44D4297D6}.ReleaseXP|x64.ActiveCfg = ReleaseXP|x64
		{AB2D77D2-4EDB-4004-AD2F-7FA44D4297D6}.ReleaseXP|x64.Build.0 = ReleaseXP|x64
		{AB2D77D2-4EDB-4004-AD2F-7FA44D4297D6}.ReleaseXP|x86.ActiveCfg = ReleaseXP|Win32
		{AB2D77D2-4EDB-4004-AD2F-7FA44D4297D6}.ReleaseXP|x86.Build.0 = ReleaseXP|Win32
		{0D90B985-F1BF-4EB9-A5FD-1638B2A2B479}.Debug|x64.ActiveCfg = Debug|x64
		{0D90B985-F1BF-4EB9-A5FD-1638B2A2B479}.Debug|x64.Build.0 = Debug|x64
		{0D90B985-F1BF-4EB9-A5FD-1638B2A2B479}.Debug|x86.ActiveCfg = Debug|Win32
		{0D90B985-F1BF-4EB9-A5FD-1638B2A2B479}.Debug|x86.Build.0 = Debug|Win32
		{0D90B985-F1BF-4EB9-A5FD-1638B2A2B479}.DebugDll|x64.ActiveCfg = DebugDll|x64
		{0D90B985-F1BF-4EB9-A5FD-1638B2A2B479}.DebugDll|x64.Build.0 = DebugDll|x64
		{0D90B985-F1BF-4EB9-A5FD-1638B2A2B479}.DebugDll|x86.ActiveCfg = DebugDll|Win32
		{0D90B985-F1BF-4EB9-A5FD-1638B2A2B479}.DebugDll|x86.Build.0 = DebugDll|Win32
		{0D90B985-F1BF-4EB9-A5FD-1638B2A2B479}.DebugXP|x64.ActiveCfg = DebugXP|x64
		{0D90B985-F1BF-4EB9-A5FD-1638B2A2B479}.DebugXP|x64.Build.0 = DebugXP|x64
		{0D90B985-F1BF-4EB9-A5FD-1638B2A2B479}.DebugXP|x86.ActiveCfg = DebugXP|Win32
		{0D90B985-F1BF-4EB9-A5FD-1638B2A2B479}.DebugXP|x86.Build.0 = DebugXP|Win32
		{0D90B985-F1BF-4EB9-A5FD-1638B2A2B479}.Release|x64.ActiveCfg = Release|x64
		{0D90B985-F1BF-4EB9-A5FD-1638B2A2B479}.Release|x64.Build.0 = Release|x64
		{0D90B985-F1BF-4EB9-A5FD-1638B2A2B479}.Release|x86.ActiveCfg = Release|Win32
		{0D90B985-F1BF-4EB9-A5FD-1638B2A2B479}.Release|x86.Build.0 = Release|Win32
		{0D90B985-F1BF-4EB9-A5FD-1638B2A2B479}.ReleaseDll|x64.ActiveCfg = ReleaseDll|x64
		{0D90B985-F1BF-4EB9-A5FD-1638B2A2B479}.ReleaseDll|x64.Build.0 = ReleaseDll|x64
		{0D90B985-F1BF-4EB9-A5FD-1638B2A2B479}.ReleaseDll|x86.ActiveCfg = ReleaseDll|Win32
		{0D90B985-F1BF-4EB9-A5FD-1638B2A2B479}.ReleaseDll|x86.Build.0 = ReleaseDll|Win32
		{0D90B985-F1BF-4EB9-A5FD-1638B2A2B479}.ReleaseStatic|x64.ActiveCfg = ReleaseStatic|x64
		{0D90B985-F1BF-4EB9-A5FD-1638B2A2B479}.ReleaseStatic|x64.Build.0 = ReleaseStatic|x64
		{0D90B985-F1BF-4EB9-A5FD-1638B2A2B479}.ReleaseStatic|x86.ActiveCfg = ReleaseStatic|Win32
		{0D90B985-F1BF-4EB9-A5FD-1638B2A2B479}.ReleaseStatic|x86.Build.0 = ReleaseStatic|Win32
		{0D90B985-F1BF-4EB9-A5FD-1638B2A2B479}.ReleaseXP|x64.ActiveCfg = ReleaseXP|x64
		{0D90B985-F1BF-4EB9-A5FD-1638B2A2B479}.ReleaseXP|x64.Build.0 = ReleaseXP|x64
		{0D90B985-F1BF-4EB9-A5FD-1638B2A2B479}.ReleaseXP|x86.ActiveCfg = ReleaseXP|Win32
		{0D90B985-F1BF-4EB9-A5FD-1638B2A2B479}.ReleaseXP|x86.Build.0 = ReleaseXP|Win32
	EndGlobalSection
	GlobalSection(SolutionProperties) = preSolution
		HideSolutionNode = FALSE
	EndGlobalSection
	GlobalSection(NestedProjects) = preSolution
		{F4B2C834-192A-47C4-BCF0-4BE0FBC1F5EF} = {74FF791C-1A74-40FF-B5F5-AFDCC170AE0A}
		{4FB6975E-8215-4FC3-825F-E6CBDF6BD26D} = {94CA3D64-3A64-4346-B9F5-8CF77B223622}
		{AB2D77D2-4EDB-4004-AD2F-7FA44D4297D6} = {F92E1E0A-A7FB-4FAC-89DD-DF04FDF9DD16}
		{0D90B985-F1BF-4EB9-A5FD-1638B2A2B479} = {F92E1E0A-A7FB-4FAC-89DD-DF04FDF9DD16}
	EndGlobalSection
	GlobalSection(ExtensibilityGlobals) = postSolution
		SolutionGuid = {F69837DB-CF26-42A4-A53E-1D53FFA914DD}
	EndGlobalSection
EndGlobal
