
Microsoft Visual Studio Solution File, Format Version 12.00
# Visual Studio Version 16
VisualStudioVersion = 16.0.29613.14
MinimumVisualStudioVersion = 10.0.40219.1
Project("{8BC9CEB8-8B4A-11D0-8D11-00A0C91BC942}") = "irbis.2019", "libs\irbis\irbis.2019.vcxproj", "{806AEF4F-540B-440D-8F16-CFE9AC2F9E82}"
EndProject
Project("{8BC9CEB8-8B4A-11D0-8D11-00A0C91BC942}") = "safeTests.2019", "tests\safeTests\safeTests.2019.vcxproj", "{7CA27599-22EC-4D6E-AF56-E1EB30AC8FD6}"
EndProject
Global
	GlobalSection(SolutionConfigurationPlatforms) = preSolution
		Debug|x64 = Debug|x64
		Debug|x86 = Debug|x86
		DebugDll|x64 = DebugDll|x64
		DebugDll|x86 = DebugDll|x86
		DebugXP|x64 = DebugXP|x64
		DebugXP|x86 = DebugXP|x86
		Release|x64 = Release|x64
		Release|x86 = Release|x86
		ReleaseDll|x64 = ReleaseDll|x64
		ReleaseDll|x86 = ReleaseDll|x86
		ReleaseStatic|x64 = ReleaseStatic|x64
		ReleaseStatic|x86 = ReleaseStatic|x86
		ReleaseXP|x64 = ReleaseXP|x64
		ReleaseXP|x86 = ReleaseXP|x86
	EndGlobalSection
	GlobalSection(ProjectConfigurationPlatforms) = postSolution
		{806AEF4F-540B-440D-8F16-CFE9AC2F9E82}.Debug|x64.ActiveCfg = Debug|x64
		{806AEF4F-540B-440D-8F16-CFE9AC2F9E82}.Debug|x64.Build.0 = Debug|x64
		{806AEF4F-540B-440D-8F16-CFE9AC2F9E82}.Debug|x86.ActiveCfg = Debug|Win32
		{806AEF4F-540B-440D-8F16-CFE9AC2F9E82}.Debug|x86.Build.0 = Debug|Win32
		{806AEF4F-540B-440D-8F16-CFE9AC2F9E82}.DebugDll|x64.ActiveCfg = DebugDll|x64
		{806AEF4F-540B-440D-8F16-CFE9AC2F9E82}.DebugDll|x64.Build.0 = DebugDll|x64
		{806AEF4F-540B-440D-8F16-CFE9AC2F9E82}.DebugDll|x86.ActiveCfg = DebugDll|Win32
		{806AEF4F-540B-440D-8F16-CFE9AC2F9E82}.DebugDll|x86.Build.0 = DebugDll|Win32
		{806AEF4F-540B-440D-8F16-CFE9AC2F9E82}.DebugXP|x64.ActiveCfg = DebugDll|x64
		{806AEF4F-540B-440D-8F16-CFE9AC2F9E82}.DebugXP|x64.Build.0 = DebugDll|x64
		{806AEF4F-540B-440D-8F16-CFE9AC2F9E82}.DebugXP|x86.ActiveCfg = DebugDll|Win32
		{806AEF4F-540B-440D-8F16-CFE9AC2F9E82}.DebugXP|x86.Build.0 = DebugDll|Win32
		{806AEF4F-540B-440D-8F16-CFE9AC2F9E82}.Release|x64.ActiveCfg = Release|x64
		{806AEF4F-540B-440D-8F16-CFE9AC2F9E82}.Release|x64.Build.0 = Release|x64
		{806AEF4F-540B-440D-8F16-CFE9AC2F9E82}.Release|x86.ActiveCfg = Release|Win32
		{806AEF4F-540B-440D-8F16-CFE9AC2F9E82}.Release|x86.Build.0 = Release|Win32
		{806AEF4F-540B-440D-8F16-CFE9AC2F9E82}.ReleaseDll|x64.ActiveCfg = ReleaseDll|x64
		{806AEF4F-540B-440D-8F16-CFE9AC2F9E82}.ReleaseDll|x64.Build.0 = ReleaseDll|x64
		{806AEF4F-540B-440D-8F16-CFE9AC2F9E82}.ReleaseDll|x86.ActiveCfg = ReleaseDll|Win32
		{806AEF4F-540B-440D-8F16-CFE9AC2F9E82}.ReleaseDll|x86.Build.0 = ReleaseDll|Win32
		{806AEF4F-540B-440D-8F16-CFE9AC2F9E82}.ReleaseStatic|x64.ActiveCfg = ReleaseDll|x64
		{806AEF4F-540B-440D-8F16-CFE9AC2F9E82}.ReleaseStatic|x64.Build.0 = ReleaseDll|x64
		{806AEF4F-540B-440D-8F16-CFE9AC2F9E82}.ReleaseStatic|x86.ActiveCfg = ReleaseDll|Win32
		{806AEF4F-540B-440D-8F16-CFE9AC2F9E82}.ReleaseStatic|x86.Build.0 = ReleaseDll|Win32
		{806AEF4F-540B-440D-8F16-CFE9AC2F9E82}.ReleaseXP|x64.ActiveCfg = ReleaseDll|x64
		{806AEF4F-540B-440D-8F16-CFE9AC2F9E82}.ReleaseXP|x64.Build.0 = ReleaseDll|x64
		{806AEF4F-540B-440D-8F16-CFE9AC2F9E82}.ReleaseXP|x86.ActiveCfg = ReleaseDll|Win32
		{806AEF4F-540B-440D-8F16-CFE9AC2F9E82}.ReleaseXP|x86.Build.0 = ReleaseDll|Win32
		{7CA27599-22EC-4D6E-AF56-E1EB30AC8FD6}.Debug|x64.ActiveCfg = Debug|x64
		{7CA27599-22EC-4D6E-AF56-E1EB30AC8FD6}.Debug|x64.Build.0 = Debug|x64
		{7CA27599-22EC-4D6E-AF56-E1EB30AC8FD6}.Debug|x86.ActiveCfg = Debug|Win32
		{7CA27599-22EC-4D6E-AF56-E1EB30AC8FD6}.Debug|x86.Build.0 = Debug|Win32
		{7CA27599-22EC-4D6E-AF56-E1EB30AC8FD6}.DebugDll|x64.ActiveCfg = Debug|x64
		{7CA27599-22EC-4D6E-AF56-E1EB30AC8FD6}.DebugDll|x64.Build.0 = Debug|x64
		{7CA27599-22EC-4D6E-AF56-E1EB30AC8FD6}.DebugDll|x86.ActiveCfg = Debug|Win32
		{7CA27599-22EC-4D6E-AF56-E1EB30AC8FD6}.DebugDll|x86.Build.0 = Debug|Win32
		{7CA27599-22EC-4D6E-AF56-E1EB30AC8FD6}.DebugXP|x64.ActiveCfg = Debug|x64
		{7CA27599-22EC-4D6E-AF56-E1EB30AC8FD6}.DebugXP|x64.Build.0 = Debug|x64
		{7CA27599-22EC-4D6E-AF56-E1EB30AC8FD6}.DebugXP|x86.ActiveCfg = Debug|Win32
		{7CA27599-22EC-4D6E-AF56-E1EB30AC8FD6}.DebugXP|x86.Build.0 = Debug|Win32
		{7CA27599-22EC-4D6E-AF56-E1EB30AC8FD6}.Release|x64.ActiveCfg = Release|x64
		{7CA27599-22EC-4D6E-AF56-E1EB30AC8FD6}.Release|x64.Build.0 = Release|x64
		{7CA27599-22EC-4D6E-AF56-E1EB30AC8FD6}.Release|x86.ActiveCfg = Release|Win32
		{7CA27599-22EC-4D6E-AF56-E1EB30AC8FD6}.Release|x86.Build.0 = Release|Win32
		{7CA27599-22EC-4D6E-AF56-E1EB30AC8FD6}.ReleaseDll|x64.ActiveCfg = Release|x64
		{7CA27599-22EC-4D6E-AF56-E1EB30AC8FD6}.ReleaseDll|x64.Build.0 = Release|x64
		{7CA27599-22EC-4D6E-AF56-E1EB30AC8FD6}.ReleaseDll|x86.ActiveCfg = Release|Win32
		{7CA27599-22EC-4D6E-AF56-E1EB30AC8FD6}.ReleaseDll|x86.Build.0 = Release|Win32
		{7CA27599-22EC-4D6E-AF56-E1EB30AC8FD6}.ReleaseStatic|x64.ActiveCfg = Release|x64
		{7CA27599-22EC-4D6E-AF56-E1EB30AC8FD6}.ReleaseStatic|x64.Build.0 = Release|x64
		{7CA27599-22EC-4D6E-AF56-E1EB30AC8FD6}.ReleaseStatic|x86.ActiveCfg = Release|Win32
		{7CA27599-22EC-4D6E-AF56-E1EB30AC8FD6}.ReleaseStatic|x86.Build.0 = Release|Win32
		{7CA27599-22EC-4D6E-AF56-E1EB30AC8FD6}.ReleaseXP|x64.ActiveCfg = Release|x64
		{7CA27599-22EC-4D6E-AF56-E1EB30AC8FD6}.ReleaseXP|x64.Build.0 = Release|x64
		{7CA27599-22EC-4D6E-AF56-E1EB30AC8FD6}.ReleaseXP|x86.ActiveCfg = Release|Win32
		{7CA27599-22EC-4D6E-AF56-E1EB30AC8FD6}.ReleaseXP|x86.Build.0 = Release|Win32
	EndGlobalSection
	GlobalSection(SolutionProperties) = preSolution
		HideSolutionNode = FALSE
	EndGlobalSection
	GlobalSection(ExtensibilityGlobals) = postSolution
		SolutionGuid = {081A1807-AEA2-4841-A567-82A337034661}
	EndGlobalSection
EndGlobal
